<?xml version="1.0" encoding="utf-8"?>
<Project ToolsVersion="4.0" xmlns="http://schemas.microsoft.com/developer/msbuild/2003">
  <ItemGroup>
    <Filter Include="Source Files">
      <UniqueIdentifier>{4FC737F1-C7A5-4376-A066-2A32D752A2FF}</UniqueIdentifier>
      <Extensions>cpp;c;cc;cxx;def;odl;idl;hpj;bat;asm;asmx</Extensions>
    </Filter>
    <Filter Include="Header Files">
      <UniqueIdentifier>{93995380-89BD-4b04-88EB-625FBE52EBFB}</UniqueIdentifier>
      <Extensions>h;hh;hpp;hxx;hm;inl;inc;xsd</Extensions>
    </Filter>
    <Filter Include="Resource Files">
      <UniqueIdentifier>{67DA6AB6-F800-4c08-8B7A-83BB121AAD01}</UniqueIdentifier>
      <Extensions>rc;ico;cur;bmp;dlg;rc2;rct;bin;rgs;gif;jpg;jpeg;jpe;resx;tiff;tif;png;wav;mfcribbon-ms</Extensions>
    </Filter>
    <Filter Include="Header Files\Core">
      <UniqueIdentifier>{84fe86f3-736a-436e-9e7a-d7367c561bdf}</UniqueIdentifier>
    </Filter>
    <Filter Include="Source Files\Core">
      <UniqueIdentifier>{8c143e50-8714-4700-a4a1-713931a52f35}</UniqueIdentifier>
    </Filter>
  </ItemGroup>
  <ItemGroup>
    <ClCompile Include="main.cpp">
      <Filter>Source Files</Filter>
    </ClCompile>
    <ClCompile Include="source\GameObject.cpp">
      <Filter>Source Files\Core</Filter>
    </ClCompile>
    <ClCompile Include="source\Renderer.cpp">
      <Filter>Source Files\Core</Filter>
    </ClCompile>
    <ClCompile Include="source\TextRenderer.cpp">
      <Filter>Source Files\Core</Filter>
    </ClCompile>
    <ClCompile Include="source\Component.cpp">
      <Filter>Source Files\Core</Filter>
    </ClCompile>
    <ClCompile Include="source\Chef.cpp">
      <Filter>Source Files</Filter>
    </ClCompile>
    <ClCompile Include="source\Application2D.cpp">
      <Filter>Source Files</Filter>
    </ClCompile>
    <ClCompile Include="source\GameState.cpp">
      <Filter>Source Files\Core</Filter>
    </ClCompile>
    <ClCompile Include="source\ResourceLibrary.cpp">
      <Filter>Source Files</Filter>
    </ClCompile>
    <ClCompile Include="source\Button.cpp">
      <Filter>Source Files\Core</Filter>
    </ClCompile>
  </ItemGroup>
  <ItemGroup>
    <ClInclude Include="source\GameObject.h">
      <Filter>Header Files\Core</Filter>
    </ClInclude>
    <ClInclude Include="source\GameState.h">
      <Filter>Header Files\Core</Filter>
    </ClInclude>
    <ClInclude Include="source\Renderer.h">
      <Filter>Header Files\Core</Filter>
    </ClInclude>
    <ClInclude Include="source\Transform.h">
      <Filter>Header Files\Core</Filter>
    </ClInclude>
    <ClInclude Include="source\Component.h">
      <Filter>Header Files\Core</Filter>
    </ClInclude>
    <ClInclude Include="source\TextRenderer.h">
      <Filter>Header Files\Core</Filter>
    </ClInclude>
    <ClInclude Include="source\Chef.h">
      <Filter>Header Files</Filter>
    </ClInclude>
    <ClInclude Include="source\Application2D.h">
      <Filter>Header Files</Filter>
    </ClInclude>
    <ClInclude Include="source\ResourceLibrary.h">
      <Filter>Header Files</Filter>
    </ClInclude>
    <ClInclude Include="source\Button.h">
      <Filter>Header Files\Core</Filter>
    </ClInclude>
    <ClInclude Include="resource.h">
      <Filter>Header Files</Filter>
    </ClInclude>
  </ItemGroup>
  <ItemGroup>
    <ResourceCompile Include="GameClient.rc">
      <Filter>Resource Files</Filter>
    </ResourceCompile>
  </ItemGroup>
</Project>